{
  "requires": true,
  "lockfileVersion": 1,
  "dependencies": {
    "jquery": {
      "version": "3.4.1",
      "resolved": "https://registry.npmjs.org/jquery/-/jquery-3.4.1.tgz",
      "integrity": "sha512-36+AdBzCL+y6qjw5Tx7HgzeGCzC81MDDgaUP8ld2zhx58HdqXGoBd+tHdrBMiyjGQs0Hxs/MLZTu/eHNJJuWPw=="
    },
    "kendo-ui-core": {
      "version": "2019.3.1113",
      "resolved": "https://registry.npmjs.org/kendo-ui-core/-/kendo-ui-core-2019.3.1113.tgz",
      "integrity": "sha512-sj3PkLQEQoPrs1iAsQuExprFtoJM0Gb3QEvTTIi8M+YuieE6ryuYOP/2OdLX5hFWIq6QCYhhXSM7aqit30k6mQ==",
      "requires": {
        "jquery": "<=3"
      }
    }
  }
}
